
Microsoft Visual Studio Solution File, Format Version 12.00
# Visual Studio Version 16
VisualStudioVersion = 16.0.30413.136
MinimumVisualStudioVersion = 10.0.40219.1
Project("{FAE04EC0-301F-11D3-BF4B-00C04F79EFBC}") = "ExceptionExample", "ExceptionExample\ExceptionExample.csproj", "{210BBF5B-1A45-4BD1-A3D9-162458EA803D}"
EndProject
Global
	GlobalSection(SolutionConfigurationPlatforms) = preSolution
		Debug|Any CPU = Debug|Any CPU
		Release|Any CPU = Release|Any CPU
	EndGlobalSection
	GlobalSection(ProjectConfigurationPlatforms) = postSolution
		{210BBF5B-1A45-4BD1-A3D9-162458EA803D}.Debug|Any CPU.ActiveCfg = Debug|Any CPU
		{210BBF5B-1A45-4BD1-A3D9-162458EA803D}.Debug|Any CPU.Build.0 = Debug|Any CPU
		{210BBF5B-1A45-4BD1-A3D9-162458EA803D}.Release|Any CPU.ActiveCfg = Release|Any CPU
		{210BBF5B-1A45-4BD1-A3D9-162458EA803D}.Release|Any CPU.Build.0 = Release|Any CPU
	EndGlobalSection
	GlobalSection(SolutionProperties) = preSolution
		HideSolutionNode = FALSE
	EndGlobalSection
	GlobalSection(ExtensibilityGlobals) = postSolution
		SolutionGuid = {5FA6978A-B034-449C-84EC-57B981BC19A4}
	EndGlobalSection
EndGlobal
