
Microsoft Visual Studio Solution File, Format Version 12.00
# Visual Studio Version 16
VisualStudioVersion = 16.0.30413.136
MinimumVisualStudioVersion = 15.0.26124.0
Project("{9A19103F-16F7-4668-BE54-9A1E7A4F7556}") = "CSharpIntermediate", "CSharpIntermediate\CSharpIntermediate.csproj", "{B81BE602-9939-49B1-81D2-9827D24F2C06}"
EndProject
Global
	GlobalSection(SolutionConfigurationPlatforms) = preSolution
		Debug|Any CPU = Debug|Any CPU
		Debug|x64 = Debug|x64
		Debug|x86 = Debug|x86
		Release|Any CPU = Release|Any CPU
		Release|x64 = Release|x64
		Release|x86 = Release|x86
	EndGlobalSection
	GlobalSection(ProjectConfigurationPlatforms) = postSolution
		{B81BE602-9939-49B1-81D2-9827D24F2C06}.Debug|Any CPU.ActiveCfg = Debug|Any CPU
		{B81BE602-9939-49B1-81D2-9827D24F2C06}.Debug|Any CPU.Build.0 = Debug|Any CPU
		{B81BE602-9939-49B1-81D2-9827D24F2C06}.Debug|x64.ActiveCfg = Debug|Any CPU
		{B81BE602-9939-49B1-81D2-9827D24F2C06}.Debug|x64.Build.0 = Debug|Any CPU
		{B81BE602-9939-49B1-81D2-9827D24F2C06}.Debug|x86.ActiveCfg = Debug|Any CPU
		{B81BE602-9939-49B1-81D2-9827D24F2C06}.Debug|x86.Build.0 = Debug|Any CPU
		{B81BE602-9939-49B1-81D2-9827D24F2C06}.Release|Any CPU.ActiveCfg = Release|Any CPU
		{B81BE602-9939-49B1-81D2-9827D24F2C06}.Release|Any CPU.Build.0 = Release|Any CPU
		{B81BE602-9939-49B1-81D2-9827D24F2C06}.Release|x64.ActiveCfg = Release|Any CPU
		{B81BE602-9939-49B1-81D2-9827D24F2C06}.Release|x64.Build.0 = Release|Any CPU
		{B81BE602-9939-49B1-81D2-9827D24F2C06}.Release|x86.ActiveCfg = Release|Any CPU
		{B81BE602-9939-49B1-81D2-9827D24F2C06}.Release|x86.Build.0 = Release|Any CPU
	EndGlobalSection
	GlobalSection(SolutionProperties) = preSolution
		HideSolutionNode = FALSE
	EndGlobalSection
	GlobalSection(ExtensibilityGlobals) = postSolution
		SolutionGuid = {4CEE71B1-F42B-4FA0-95FB-C5B6462B9992}
	EndGlobalSection
EndGlobal
