
Microsoft Visual Studio Solution File, Format Version 12.00
# Visual Studio Version 16
VisualStudioVersion = 16.0.30413.136
MinimumVisualStudioVersion = 10.0.40219.1
Project("{FAE04EC0-301F-11D3-BF4B-00C04F79EFBC}") = "SingletonPattern", "SingletonPattern\SingletonPattern.csproj", "{9584129A-55C4-4A1F-AD7E-0E7709174400}"
EndProject
Global
	GlobalSection(SolutionConfigurationPlatforms) = preSolution
		Debug|Any CPU = Debug|Any CPU
		Release|Any CPU = Release|Any CPU
	EndGlobalSection
	GlobalSection(ProjectConfigurationPlatforms) = postSolution
		{9584129A-55C4-4A1F-AD7E-0E7709174400}.Debug|Any CPU.ActiveCfg = Debug|Any CPU
		{9584129A-55C4-4A1F-AD7E-0E7709174400}.Debug|Any CPU.Build.0 = Debug|Any CPU
		{9584129A-55C4-4A1F-AD7E-0E7709174400}.Release|Any CPU.ActiveCfg = Release|Any CPU
		{9584129A-55C4-4A1F-AD7E-0E7709174400}.Release|Any CPU.Build.0 = Release|Any CPU
	EndGlobalSection
	GlobalSection(SolutionProperties) = preSolution
		HideSolutionNode = FALSE
	EndGlobalSection
	GlobalSection(ExtensibilityGlobals) = postSolution
		SolutionGuid = {2CC5A5D2-C3B1-44F5-8627-CEE3EAA6D9BC}
	EndGlobalSection
EndGlobal
