
Microsoft Visual Studio Solution File, Format Version 12.00
# Visual Studio Version 16
VisualStudioVersion = 16.0.30413.136
MinimumVisualStudioVersion = 10.0.40219.1
Project("{FAE04EC0-301F-11D3-BF4B-00C04F79EFBC}") = "SortedDictionary", "SortedDictionary\SortedDictionary.csproj", "{2124774B-7D54-481A-9AC9-D60429B0C16E}"
EndProject
Global
	GlobalSection(SolutionConfigurationPlatforms) = preSolution
		Debug|Any CPU = Debug|Any CPU
		Release|Any CPU = Release|Any CPU
	EndGlobalSection
	GlobalSection(ProjectConfigurationPlatforms) = postSolution
		{2124774B-7D54-481A-9AC9-D60429B0C16E}.Debug|Any CPU.ActiveCfg = Debug|Any CPU
		{2124774B-7D54-481A-9AC9-D60429B0C16E}.Debug|Any CPU.Build.0 = Debug|Any CPU
		{2124774B-7D54-481A-9AC9-D60429B0C16E}.Release|Any CPU.ActiveCfg = Release|Any CPU
		{2124774B-7D54-481A-9AC9-D60429B0C16E}.Release|Any CPU.Build.0 = Release|Any CPU
	EndGlobalSection
	GlobalSection(SolutionProperties) = preSolution
		HideSolutionNode = FALSE
	EndGlobalSection
	GlobalSection(ExtensibilityGlobals) = postSolution
		SolutionGuid = {A952E758-8146-41FE-9C8C-50539C777E79}
	EndGlobalSection
EndGlobal
