
Microsoft Visual Studio Solution File, Format Version 12.00
# Visual Studio Version 16
VisualStudioVersion = 16.0.30413.136
MinimumVisualStudioVersion = 10.0.40219.1
Project("{FAE04EC0-301F-11D3-BF4B-00C04F79EFBC}") = "PrivateConstructor", "PrivateConstructor\PrivateConstructor.csproj", "{41FAC9EA-7363-4930-B028-D28AF55C1A1B}"
EndProject
Global
	GlobalSection(SolutionConfigurationPlatforms) = preSolution
		Debug|Any CPU = Debug|Any CPU
		Release|Any CPU = Release|Any CPU
	EndGlobalSection
	GlobalSection(ProjectConfigurationPlatforms) = postSolution
		{41FAC9EA-7363-4930-B028-D28AF55C1A1B}.Debug|Any CPU.ActiveCfg = Debug|Any CPU
		{41FAC9EA-7363-4930-B028-D28AF55C1A1B}.Debug|Any CPU.Build.0 = Debug|Any CPU
		{41FAC9EA-7363-4930-B028-D28AF55C1A1B}.Release|Any CPU.ActiveCfg = Release|Any CPU
		{41FAC9EA-7363-4930-B028-D28AF55C1A1B}.Release|Any CPU.Build.0 = Release|Any CPU
	EndGlobalSection
	GlobalSection(SolutionProperties) = preSolution
		HideSolutionNode = FALSE
	EndGlobalSection
	GlobalSection(ExtensibilityGlobals) = postSolution
		SolutionGuid = {6D73293F-396E-4346-B8D7-DE3D900CC292}
	EndGlobalSection
EndGlobal
