
Microsoft Visual Studio Solution File, Format Version 12.00
# Visual Studio Version 16
VisualStudioVersion = 16.0.30413.136
MinimumVisualStudioVersion = 10.0.40219.1
Project("{FAE04EC0-301F-11D3-BF4B-00C04F79EFBC}") = "CSFeatures", "CSFeatures\CSFeatures.csproj", "{5FD0717F-7BD5-4341-95EB-710ACDC0E116}"
EndProject
Global
	GlobalSection(SolutionConfigurationPlatforms) = preSolution
		Debug|Any CPU = Debug|Any CPU
		Release|Any CPU = Release|Any CPU
	EndGlobalSection
	GlobalSection(ProjectConfigurationPlatforms) = postSolution
		{5FD0717F-7BD5-4341-95EB-710ACDC0E116}.Debug|Any CPU.ActiveCfg = Debug|Any CPU
		{5FD0717F-7BD5-4341-95EB-710ACDC0E116}.Debug|Any CPU.Build.0 = Debug|Any CPU
		{5FD0717F-7BD5-4341-95EB-710ACDC0E116}.Release|Any CPU.ActiveCfg = Release|Any CPU
		{5FD0717F-7BD5-4341-95EB-710ACDC0E116}.Release|Any CPU.Build.0 = Release|Any CPU
	EndGlobalSection
	GlobalSection(SolutionProperties) = preSolution
		HideSolutionNode = FALSE
	EndGlobalSection
	GlobalSection(ExtensibilityGlobals) = postSolution
		SolutionGuid = {22B1C587-CEDC-449C-8281-895F4C8CC8D6}
	EndGlobalSection
EndGlobal
